<Solution>
  <Folder Name="/src/">
    <Project Path="src/UrlShortener.Domain/UrlShortener.Domain.csproj" />
    <Project Path="src/UrlShortener.Application/UrlShortener.Application.csproj" />
    <Project Path="src/UrlShortener.Infrastructure/UrlShortener.Infrastructure.csproj" />
    <Project Path="src/UrlShortener.WebApi/UrlShortener.WebApi.csproj" StartupProject="src/UrlShortener.WebApi/UrlShortener.WebApi.csproj" />
  </Folder>
  <Folder Name="/tests/">
    <Project Path="tests/UrlShortener.WebApi.Tests/UrlShortener.WebApi.Tests.csproj" />
  </Folder>
</Solution>